
Microsoft Visual Studio Solution File, Format Version 12.00
# Visual Studio Version 16
VisualStudioVersion = 16.0.30711.63
MinimumVisualStudioVersion = 10.0.40219.1
Project("{FAE04EC0-301F-11D3-BF4B-00C04F79EFBC}") = "HttpTrigger", "HttpTrigger\HttpTrigger.csproj", "{8A5A642D-7500-4E76-BD08-CF3D0D56154B}"
EndProject
Global
	GlobalSection(SolutionConfigurationPlatforms) = preSolution
		Debug|Any CPU = Debug|Any CPU
		Release|Any CPU = Release|Any CPU
	EndGlobalSection
	GlobalSection(ProjectConfigurationPlatforms) = postSolution
		{8A5A642D-7500-4E76-BD08-CF3D0D56154B}.Debug|Any CPU.ActiveCfg = Debug|Any CPU
		{8A5A642D-7500-4E76-BD08-CF3D0D56154B}.Debug|Any CPU.Build.0 = Debug|Any CPU
		{8A5A642D-7500-4E76-BD08-CF3D0D56154B}.Release|Any CPU.ActiveCfg = Release|Any CPU
		{8A5A642D-7500-4E76-BD08-CF3D0D56154B}.Release|Any CPU.Build.0 = Release|Any CPU
	EndGlobalSection
	GlobalSection(SolutionProperties) = preSolution
		HideSolutionNode = FALSE
	EndGlobalSection
	GlobalSection(ExtensibilityGlobals) = postSolution
		SolutionGuid = {85093D07-2369-4600-A971-7023DB388BD8}
	EndGlobalSection
EndGlobal
